
Microsoft Visual Studio Solution File, Format Version 12.00
# Visual Studio 2013
VisualStudioVersion = 12.0.30501.0
MinimumVisualStudioVersion = 10.0.40219.1
Project("{FAE04EC0-301F-11D3-BF4B-00C04F79EFBC}") = "YL Player", "YL Player\YL Player.csproj", "{C62A9879-C266-4843-B431-F7C551314071}"
EndProject
Global
	GlobalSection(SolutionConfigurationPlatforms) = preSolution
		Debug|Any CPU = Debug|Any CPU
		Release|Any CPU = Release|Any CPU
	EndGlobalSection
	GlobalSection(ProjectConfigurationPlatforms) = postSolution
		{C62A9879-C266-4843-B431-F7C551314071}.Debug|Any CPU.ActiveCfg = Debug|Any CPU
		{C62A9879-C266-4843-B431-F7C551314071}.Debug|Any CPU.Build.0 = Debug|Any CPU
		{C62A9879-C266-4843-B431-F7C551314071}.Release|Any CPU.ActiveCfg = Release|Any CPU
		{C62A9879-C266-4843-B431-F7C551314071}.Release|Any CPU.Build.0 = Release|Any CPU
	EndGlobalSection
	GlobalSection(SolutionProperties) = preSolution
		HideSolutionNode = FALSE
	EndGlobalSection
EndGlobal
